
Microsoft Visual Studio Solution File, Format Version 12.00
# Visual Studio Version 17
VisualStudioVersion = 17.10.35013.160
MinimumVisualStudioVersion = 10.0.40219.1
Project("{FAE04EC0-301F-11D3-BF4B-00C04F79EFBC}") = "MyChatApp", "MyChatApp\MyChatApp.csproj", "{CA857B43-2347-44ED-BA5F-74F50A70549C}"
EndProject
Global
	GlobalSection(SolutionConfigurationPlatforms) = preSolution
		Debug|Any CPU = Debug|Any CPU
		Release|Any CPU = Release|Any CPU
	EndGlobalSection
	GlobalSection(ProjectConfigurationPlatforms) = postSolution
		{CA857B43-2347-44ED-BA5F-74F50A70549C}.Debug|Any CPU.ActiveCfg = Debug|Any CPU
		{CA857B43-2347-44ED-BA5F-74F50A70549C}.Debug|Any CPU.Build.0 = Debug|Any CPU
		{CA857B43-2347-44ED-BA5F-74F50A70549C}.Release|Any CPU.ActiveCfg = Release|Any CPU
		{CA857B43-2347-44ED-BA5F-74F50A70549C}.Release|Any CPU.Build.0 = Release|Any CPU
	EndGlobalSection
	GlobalSection(SolutionProperties) = preSolution
		HideSolutionNode = FALSE
	EndGlobalSection
	GlobalSection(ExtensibilityGlobals) = postSolution
		SolutionGuid = {0379208E-78A6-4542-869D-12C9F4C35372}
	EndGlobalSection
EndGlobal
